Microsoft Visual Studio Solution File, Format Version 12.00
# Visual Studio Version 17
VisualStudioVersion = 17.5.2.0
MinimumVisualStudioVersion = 10.0.40219.1
Project("{FAE04EC0-301F-11D3-BF4B-00C04F79EFBC}") = "ScribbleAPI", "backend\ScribbleAPI.csproj", "{FD2B1301-DAB6-AC2E-BD7F-9BC20310C291}"
EndProject
Global
	GlobalSection(SolutionConfigurationPlatforms) = preSolution
		Debug|Any CPU = Debug|Any CPU
		Release|Any CPU = Release|Any CPU
	EndGlobalSection
	GlobalSection(ProjectConfigurationPlatforms) = postSolution
		{FD2B1301-DAB6-AC2E-BD7F-9BC20310C291}.Debug|Any CPU.ActiveCfg = Debug|Any CPU
		{FD2B1301-DAB6-AC2E-BD7F-9BC20310C291}.Debug|Any CPU.Build.0 = Debug|Any CPU
		{FD2B1301-DAB6-AC2E-BD7F-9BC20310C291}.Release|Any CPU.ActiveCfg = Release|Any CPU
		{FD2B1301-DAB6-AC2E-BD7F-9BC20310C291}.Release|Any CPU.Build.0 = Release|Any CPU
	EndGlobalSection
	GlobalSection(SolutionProperties) = preSolution
		HideSolutionNode = FALSE
	EndGlobalSection
	GlobalSection(ExtensibilityGlobals) = postSolution
		SolutionGuid = {5132E4CD-E6D7-4CF2-9959-E448A6F7BB2D}
	EndGlobalSection
EndGlobal
